Microsoft Visual Studio Solution File, Format Version 12.00
# Visual Studio Version 17
VisualStudioVersion = 17.5.2.0
MinimumVisualStudioVersion = 10.0.40219.1
Project("{FAE04EC0-301F-11D3-BF4B-00C04F79EFBC}") = "mock-http-server", "mock-http-server.csproj", "{D3C54945-5057-D75F-548C-B7CD6C992C8A}"
EndProject
Global
	GlobalSection(SolutionConfigurationPlatforms) = preSolution
		Debug|Any CPU = Debug|Any CPU
		Release|Any CPU = Release|Any CPU
	EndGlobalSection
	GlobalSection(ProjectConfigurationPlatforms) = postSolution
		{D3C54945-5057-D75F-548C-B7CD6C992C8A}.Debug|Any CPU.ActiveCfg = Debug|Any CPU
		{D3C54945-5057-D75F-548C-B7CD6C992C8A}.Debug|Any CPU.Build.0 = Debug|Any CPU
		{D3C54945-5057-D75F-548C-B7CD6C992C8A}.Release|Any CPU.ActiveCfg = Release|Any CPU
		{D3C54945-5057-D75F-548C-B7CD6C992C8A}.Release|Any CPU.Build.0 = Release|Any CPU
	EndGlobalSection
	GlobalSection(SolutionProperties) = preSolution
		HideSolutionNode = FALSE
	EndGlobalSection
	GlobalSection(ExtensibilityGlobals) = postSolution
		SolutionGuid = {C9466F48-8106-42C3-AE6F-3EF45EA790DB}
	EndGlobalSection
EndGlobal
